
Microsoft Visual Studio Solution File, Format Version 11.00
# Visual Studio 2010
Project("{FAE04EC0-301F-11D3-BF4B-00C04F79EFBC}") = "Conduit", "Conduit\Conduit.csproj", "{7869620B-1D6C-4803-AF2C-FD29D860648A}"
EndProject
Project("{54435603-DBB4-11D2-8724-00A0C9A8B90C}") = "JMISetup", "JMISetup\JMISetup.vdproj", "{43CFDE29-C0BF-4505-A35D-E2A7B50688B1}"
EndProject
Global
	GlobalSection(SolutionConfigurationPlatforms) = preSolution
		Debug|x86 = Debug|x86
		Release|x86 = Release|x86
	EndGlobalSection
	GlobalSection(ProjectConfigurationPlatforms) = postSolution
		{7869620B-1D6C-4803-AF2C-FD29D860648A}.Debug|x86.ActiveCfg = Debug|x86
		{7869620B-1D6C-4803-AF2C-FD29D860648A}.Debug|x86.Build.0 = Debug|x86
		{7869620B-1D6C-4803-AF2C-FD29D860648A}.Release|x86.ActiveCfg = Release|x86
		{7869620B-1D6C-4803-AF2C-FD29D860648A}.Release|x86.Build.0 = Release|x86
		{43CFDE29-C0BF-4505-A35D-E2A7B50688B1}.Debug|x86.ActiveCfg = Debug
		{43CFDE29-C0BF-4505-A35D-E2A7B50688B1}.Release|x86.ActiveCfg = Release
	EndGlobalSection
	GlobalSection(SolutionProperties) = preSolution
		HideSolutionNode = FALSE
	EndGlobalSection
EndGlobal
